
Microsoft Visual Studio Solution File, Format Version 12.00
# Visual Studio Version 17
VisualStudioVersion = 17.13.35931.197 d17.13
MinimumVisualStudioVersion = 10.0.40219.1
Project("{FAE04EC0-301F-11D3-BF4B-00C04F79EFBC}") = "MinuteBattle", "MinuteBattle.csproj", "{1E0782FE-F2EF-4A23-B01E-667910845A02}"
EndProject
Global
	GlobalSection(SolutionConfigurationPlatforms) = preSolution
		Debug|Any CPU = Debug|Any CPU
		Release|Any CPU = Release|Any CPU
	EndGlobalSection
	GlobalSection(ProjectConfigurationPlatforms) = postSolution
		{1E0782FE-F2EF-4A23-B01E-667910845A02}.Debug|Any CPU.ActiveCfg = Debug|Any CPU
		{1E0782FE-F2EF-4A23-B01E-667910845A02}.Debug|Any CPU.Build.0 = Debug|Any CPU
		{1E0782FE-F2EF-4A23-B01E-667910845A02}.Release|Any CPU.ActiveCfg = Release|Any CPU
		{1E0782FE-F2EF-4A23-B01E-667910845A02}.Release|Any CPU.Build.0 = Release|Any CPU
	EndGlobalSection
	GlobalSection(SolutionProperties) = preSolution
		HideSolutionNode = FALSE
	EndGlobalSection
	GlobalSection(ExtensibilityGlobals) = postSolution
		SolutionGuid = {7C277AD3-5D27-426D-A53B-36AA41687889}
	EndGlobalSection
EndGlobal
